
Microsoft Visual Studio Solution File, Format Version 12.00
# Visual Studio Version 17
VisualStudioVersion = 17.1.32319.34
MinimumVisualStudioVersion = 10.0.40219.1
Project("{9A19103F-16F7-4668-BE54-9A1E7A4F7556}") = "Ontologia.API", "Ontologia.API.csproj", "{D2F89255-A478-45C4-B1A6-86A14E292711}"
EndProject
Project("{FAE04EC0-301F-11D3-BF4B-00C04F79EFBC}") = "Ontologia.API.Test", "..\Ontologia.API.Test\Ontologia.API.Test.csproj", "{A0594FD3-7CB4-40EE-83A3-A7BD7D9502B3}"
EndProject
Global
	GlobalSection(SolutionConfigurationPlatforms) = preSolution
		Debug|Any CPU = Debug|Any CPU
		Release|Any CPU = Release|Any CPU
	EndGlobalSection
	GlobalSection(ProjectConfigurationPlatforms) = postSolution
		{D2F89255-A478-45C4-B1A6-86A14E292711}.Debug|Any CPU.ActiveCfg = Debug|Any CPU
		{D2F89255-A478-45C4-B1A6-86A14E292711}.Debug|Any CPU.Build.0 = Debug|Any CPU
		{D2F89255-A478-45C4-B1A6-86A14E292711}.Release|Any CPU.ActiveCfg = Release|Any CPU
		{D2F89255-A478-45C4-B1A6-86A14E292711}.Release|Any CPU.Build.0 = Release|Any CPU
		{A0594FD3-7CB4-40EE-83A3-A7BD7D9502B3}.Debug|Any CPU.ActiveCfg = Debug|Any CPU
		{A0594FD3-7CB4-40EE-83A3-A7BD7D9502B3}.Debug|Any CPU.Build.0 = Debug|Any CPU
		{A0594FD3-7CB4-40EE-83A3-A7BD7D9502B3}.Release|Any CPU.ActiveCfg = Release|Any CPU
		{A0594FD3-7CB4-40EE-83A3-A7BD7D9502B3}.Release|Any CPU.Build.0 = Release|Any CPU
	EndGlobalSection
	GlobalSection(SolutionProperties) = preSolution
		HideSolutionNode = FALSE
	EndGlobalSection
	GlobalSection(ExtensibilityGlobals) = postSolution
		SolutionGuid = {7C0707CA-A31B-4704-A8BB-8B6C402EC7A7}
	EndGlobalSection
EndGlobal
